
Microsoft Visual Studio Solution File, Format Version 12.00
# Visual Studio Version 17
VisualStudioVersion = 17.9.34723.18
MinimumVisualStudioVersion = 10.0.40219.1
Project("{9A19103F-16F7-4668-BE54-9A1E7A4F7556}") = "ProductAssesment", "ProductAssesment\ProductAssesment.csproj", "{2E2EE50C-54A7-40F5-9142-A9F857A53513}"
EndProject
Global
	GlobalSection(SolutionConfigurationPlatforms) = preSolution
		Debug|Any CPU = Debug|Any CPU
		Release|Any CPU = Release|Any CPU
	EndGlobalSection
	GlobalSection(ProjectConfigurationPlatforms) = postSolution
		{2E2EE50C-54A7-40F5-9142-A9F857A53513}.Debug|Any CPU.ActiveCfg = Debug|Any CPU
		{2E2EE50C-54A7-40F5-9142-A9F857A53513}.Debug|Any CPU.Build.0 = Debug|Any CPU
		{2E2EE50C-54A7-40F5-9142-A9F857A53513}.Release|Any CPU.ActiveCfg = Release|Any CPU
		{2E2EE50C-54A7-40F5-9142-A9F857A53513}.Release|Any CPU.Build.0 = Release|Any CPU
	EndGlobalSection
	GlobalSection(SolutionProperties) = preSolution
		HideSolutionNode = FALSE
	EndGlobalSection
	GlobalSection(ExtensibilityGlobals) = postSolution
		SolutionGuid = {0E75D30B-152D-441F-9DA3-589A2A0E5F0A}
	EndGlobalSection
EndGlobal
